PODS:
  - Firebase/CoreOnly (10.17.0):
    - FirebaseCore (= 10.17.0)
  - Firebase/Crashlytics (10.17.0):
    - Firebase/CoreOnly
    - FirebaseCrashlytics (~> 10.17.0)
  - FirebaseCore (10.17.0):
    - FirebaseCoreInternal (~> 10.0)
    - GoogleUtilities/Environment (~> 7.8)
    - GoogleUtilities/Logger (~> 7.8)
  - FirebaseCoreExtension (10.28.0):
    - FirebaseCore (~> 10.0)
  - FirebaseCoreInternal (10.28.0):
    - "GoogleUtilities/NSData+zlib (~> 7.8)"
  - FirebaseCrashlytics (10.17.0):
    - FirebaseCore (~> 10.5)
    - FirebaseInstallations (~> 10.0)
    - FirebaseSessions (~> 10.5)
    - GoogleDataTransport (~> 9.2)
    - GoogleUtilities/Environment (~> 7.8)
    - nanopb (< 2.30910.0, >= 2.30908.0)
    - PromisesObjC (~> 2.1)
  - FirebaseInstallations (10.28.0):
    - FirebaseCore (~> 10.0)
    - GoogleUtilities/Environment (~> 7.8)
    - GoogleUtilities/UserDefaults (~> 7.8)
    - PromisesObjC (~> 2.1)
  - FirebaseSessions (10.28.0):
    - FirebaseCore (~> 10.5)
    - FirebaseCoreExtension (~> 10.0)
    - FirebaseInstallations (~> 10.0)
    - GoogleDataTransport (~> 9.2)
    - GoogleUtilities/Environment (~> 7.13)
    - GoogleUtilities/UserDefaults (~> 7.13)
    - nanopb (< 2.30911.0, >= 2.30908.0)
    - PromisesSwift (~> 2.1)
  - GoogleDataTransport (9.4.1):
    - GoogleUtilities/Environment (~> 7.7)
    - nanopb (< 2.30911.0, >= 2.30908.0)
    - PromisesObjC (< 3.0, >= 1.2)
  - GoogleUtilities/Environment (7.13.3):
    - GoogleUtilities/Privacy
    - PromisesObjC (< 3.0, >= 1.2)
  - GoogleUtilities/Logger (7.13.3):
    - GoogleUtilities/Environment
    - GoogleUtilities/Privacy
  - "GoogleUtilities/NSData+zlib (7.13.3)":
    - GoogleUtilities/Privacy
  - GoogleUtilities/Privacy (7.13.3)
  - GoogleUtilities/UserDefaults (7.13.3):
    - GoogleUtilities/Logger
    - GoogleUtilities/Privacy
  - mapsted-sdk-alerts (5.3.21):
    - mapsted-sdk-triggers-core (= 5.3.21)
  - mapsted-sdk-core (5.3.21):
    - SSZipArchive
  - mapsted-sdk-core-map (4.4.6.2)
  - mapsted-sdk-geofence (5.3.21):
    - mapsted-sdk-core (= 5.3.21)
  - mapsted-sdk-loc-marketing (5.3.21):
    - mapsted-sdk-core (= 5.3.21)
  - mapsted-sdk-location-share (5.3.21):
    - mapsted-sdk-core (= 5.3.21)
  - mapsted-sdk-map (5.3.21):
    - mapsted-sdk-core (= 5.3.21)
    - mapsted-sdk-core-map (= 4.4.6.2)
  - mapsted-sdk-map-ui (5.3.21):
    - mapsted-sdk-alerts (= 5.3.21)
    - mapsted-sdk-loc-marketing (= 5.3.21)
    - mapsted-sdk-location-share (= 5.3.21)
    - mapsted-sdk-map (= 5.3.21)
  - mapsted-sdk-triggers-core (5.3.21):
    - mapsted-sdk-core (= 5.3.21)
  - nanopb (2.30909.1):
    - nanopb/decode (= 2.30909.1)
    - nanopb/encode (= 2.30909.1)
  - nanopb/decode (2.30909.1)
  - nanopb/encode (2.30909.1)
  - PromisesObjC (2.4.0)
  - PromisesSwift (2.4.0):
    - PromisesObjC (= 2.4.0)
  - SSZipArchive (2.4.3)

DEPENDENCIES:
  - Firebase/Crashlytics (= 10.17.0)
  - mapsted-sdk-geofence (= 5.3.21)
  - mapsted-sdk-map (= 5.3.21)
  - mapsted-sdk-map-ui (= 5.3.21)

SPEC REPOS:
  https://github.com/Mapsted/podspec-simulator.git:
    - mapsted-sdk-alerts
    - mapsted-sdk-core
    - mapsted-sdk-core-map
    - mapsted-sdk-geofence
    - mapsted-sdk-loc-marketing
    - mapsted-sdk-location-share
    - mapsted-sdk-map
    - mapsted-sdk-map-ui
    - mapsted-sdk-triggers-core
  trunk:
    - Firebase
    - FirebaseCore
    - FirebaseCoreExtension
    - FirebaseCoreInternal
    - FirebaseCrashlytics
    - FirebaseInstallations
    - FirebaseSessions
    - GoogleDataTransport
    - GoogleUtilities
    - nanopb
    - PromisesObjC
    - PromisesSwift
    - SSZipArchive

SPEC CHECKSUMS:
  Firebase: f4ac0b02927af9253ae094d23deecf0890da7374
  FirebaseCore: 534544dd98cabcf4bf8598d88ec683b02319a528
  FirebaseCoreExtension: f63147b723e2a700fe0f34ec6fb7f358d6fe83e0
  FirebaseCoreInternal: 58d07f1362fddeb0feb6a857d1d1d1c5e558e698
  FirebaseCrashlytics: d78651ad7db206ef98269e103ac38d69d569200a
  FirebaseInstallations: 60c1d3bc1beef809fd1ad1189a8057a040c59f2e
  FirebaseSessions: 20da8500ad66bb12622743e170459bf62a0768e8
  GoogleDataTransport: 6c09b596d841063d76d4288cc2d2f42cc36e1e2a
  GoogleUtilities: ea963c370a38a8069cc5f7ba4ca849a60b6d7d15
  mapsted-sdk-alerts: b12a499732a682bcca1231d49cec5727c94e635d
  mapsted-sdk-core: f01494dc98eb1fba40434fa7bb278caaca9d3699
  mapsted-sdk-core-map: 3b1a6cc029381236023ed8e35268206ee9559b1f
  mapsted-sdk-geofence: 332a830de5a4494dbeeda5e28fe36eb3798c505c
  mapsted-sdk-loc-marketing: 134157d09c900daa5ffc12ba43c625772576fd27
  mapsted-sdk-location-share: a920eab92fe25a4f2b560367414a003860a112bd
  mapsted-sdk-map: 76a925a8973b5cde0f08a8baaf5036469910fe7d
  mapsted-sdk-map-ui: 8f7cd00d3416ce737f29e1454ca44e65bc79c8ae
  mapsted-sdk-triggers-core: 82ad0a5caae3a0a610f2c12aa026837fe16f73cf
  nanopb: d4d75c12cd1316f4a64e3c6963f879ecd4b5e0d5
  PromisesObjC: f5707f49cb48b9636751c5b2e7d227e43fba9f47
  PromisesSwift: 9d77319bbe72ebf6d872900551f7eeba9bce2851
  SSZipArchive: fe6a26b2a54d5a0890f2567b5cc6de5caa600aef

PODFILE CHECKSUM: 6f69055ed33652c73a15f0a1f178767ab541063a

COCOAPODS: 1.15.2
