PODS:
  - Firebase/CoreOnly (10.17.0):
    - FirebaseCore (= 10.17.0)
  - Firebase/Crashlytics (10.17.0):
    - Firebase/CoreOnly
    - FirebaseCrashlytics (~> 10.17.0)
  - FirebaseCore (10.17.0):
    - FirebaseCoreInternal (~> 10.0)
    - GoogleUtilities/Environment (~> 7.8)
    - GoogleUtilities/Logger (~> 7.8)
  - FirebaseCoreExtension (10.29.0):
    - FirebaseCore (~> 10.0)
  - FirebaseCoreInternal (10.29.0):
    - "GoogleUtilities/NSData+zlib (~> 7.8)"
  - FirebaseCrashlytics (10.17.0):
    - FirebaseCore (~> 10.5)
    - FirebaseInstallations (~> 10.0)
    - FirebaseSessions (~> 10.5)
    - GoogleDataTransport (~> 9.2)
    - GoogleUtilities/Environment (~> 7.8)
    - nanopb (< 2.30910.0, >= 2.30908.0)
    - PromisesObjC (~> 2.1)
  - FirebaseInstallations (10.29.0):
    - FirebaseCore (~> 10.0)
    - GoogleUtilities/Environment (~> 7.8)
    - GoogleUtilities/UserDefaults (~> 7.8)
    - PromisesObjC (~> 2.1)
  - FirebaseSessions (10.29.0):
    - FirebaseCore (~> 10.5)
    - FirebaseCoreExtension (~> 10.0)
    - FirebaseInstallations (~> 10.0)
    - GoogleDataTransport (~> 9.2)
    - GoogleUtilities/Environment (~> 7.13)
    - GoogleUtilities/UserDefaults (~> 7.13)
    - nanopb (< 2.30911.0, >= 2.30908.0)
    - PromisesSwift (~> 2.1)
  - GoogleDataTransport (9.4.1):
    - GoogleUtilities/Environment (~> 7.7)
    - nanopb (< 2.30911.0, >= 2.30908.0)
    - PromisesObjC (< 3.0, >= 1.2)
  - GoogleUtilities/Environment (7.13.3):
    - GoogleUtilities/Privacy
    - PromisesObjC (< 3.0, >= 1.2)
  - GoogleUtilities/Logger (7.13.3):
    - GoogleUtilities/Environment
    - GoogleUtilities/Privacy
  - "GoogleUtilities/NSData+zlib (7.13.3)":
    - GoogleUtilities/Privacy
  - GoogleUtilities/Privacy (7.13.3)
  - GoogleUtilities/UserDefaults (7.13.3):
    - GoogleUtilities/Logger
    - GoogleUtilities/Privacy
  - Kingfisher (7.12.0)
  - mapsted-sdk-alerts (6.0.2):
    - mapsted-sdk-triggers-core (= 6.0.2)
  - mapsted-sdk-core (6.0.2):
    - SSZipArchive
  - mapsted-sdk-core-map (4.4.6.2)
  - mapsted-sdk-geofence (6.0.2):
    - mapsted-sdk-core (= 6.0.2)
  - mapsted-sdk-loc-marketing (6.0.2):
    - mapsted-sdk-core (= 6.0.2)
  - mapsted-sdk-location-share (6.0.2):
    - mapsted-sdk-core (= 6.0.2)
  - mapsted-sdk-map (6.0.2):
    - mapsted-sdk-core (= 6.0.2)
    - mapsted-sdk-core-map (= 4.4.6.2)
  - mapsted-sdk-map-ui (6.0.2):
    - Kingfisher (~> 7.0)
    - mapsted-sdk-alerts (= 6.0.2)
    - mapsted-sdk-loc-marketing (= 6.0.2)
    - mapsted-sdk-location-share (= 6.0.2)
    - mapsted-sdk-map (= 6.0.2)
  - mapsted-sdk-triggers-core (6.0.2):
    - mapsted-sdk-core (= 6.0.2)
  - nanopb (2.30909.1):
    - nanopb/decode (= 2.30909.1)
    - nanopb/encode (= 2.30909.1)
  - nanopb/decode (2.30909.1)
  - nanopb/encode (2.30909.1)
  - PromisesObjC (2.4.0)
  - PromisesSwift (2.4.0):
    - PromisesObjC (= 2.4.0)
  - SSZipArchive (2.4.3)

DEPENDENCIES:
  - Firebase/Crashlytics (= 10.17.0)
  - mapsted-sdk-geofence (= 6.0.2)
  - mapsted-sdk-map (= 6.0.2)
  - mapsted-sdk-map-ui (= 6.0.2)

SPEC REPOS:
  https://github.com/Mapsted/podspec-simulator.git:
    - mapsted-sdk-alerts
    - mapsted-sdk-core
    - mapsted-sdk-core-map
    - mapsted-sdk-geofence
    - mapsted-sdk-loc-marketing
    - mapsted-sdk-location-share
    - mapsted-sdk-map
    - mapsted-sdk-map-ui
    - mapsted-sdk-triggers-core
  trunk:
    - Firebase
    - FirebaseCore
    - FirebaseCoreExtension
    - FirebaseCoreInternal
    - FirebaseCrashlytics
    - FirebaseInstallations
    - FirebaseSessions
    - GoogleDataTransport
    - GoogleUtilities
    - Kingfisher
    - nanopb
    - PromisesObjC
    - PromisesSwift
    - SSZipArchive

SPEC CHECKSUMS:
  Firebase: f4ac0b02927af9253ae094d23deecf0890da7374
  FirebaseCore: 534544dd98cabcf4bf8598d88ec683b02319a528
  FirebaseCoreExtension: 705ca5b14bf71d2564a0ddc677df1fc86ffa600f
  FirebaseCoreInternal: df84dd300b561c27d5571684f389bf60b0a5c934
  FirebaseCrashlytics: d78651ad7db206ef98269e103ac38d69d569200a
  FirebaseInstallations: 913cf60d0400ebd5d6b63a28b290372ab44590dd
  FirebaseSessions: dbd14adac65ce996228652c1fc3a3f576bdf3ecc
  GoogleDataTransport: 6c09b596d841063d76d4288cc2d2f42cc36e1e2a
  GoogleUtilities: ea963c370a38a8069cc5f7ba4ca849a60b6d7d15
  Kingfisher: 53a10ea35051a436b5fb626ca2dd8f3144d755e9
  mapsted-sdk-alerts: f224ae04a3753a8bca56585e344a803b317b3d2a
  mapsted-sdk-core: 0f88e88dc57c8d47161c82de97595906b40be884
  mapsted-sdk-core-map: 3b1a6cc029381236023ed8e35268206ee9559b1f
  mapsted-sdk-geofence: 8527dc31ae999167be171d5e7388c46471b0de35
  mapsted-sdk-loc-marketing: f520ded1ac0d5b8fe7ffb7160861f11df6e6728c
  mapsted-sdk-location-share: 995fdb49ba547d3c874551538302488619227681
  mapsted-sdk-map: 1cfa255a8d1568918b57a98d4f9bd14fab6aa53f
  mapsted-sdk-map-ui: 0eaaa56d6f917804a168b55bc38bdfa3ff5ea96e
  mapsted-sdk-triggers-core: 45d79a835d4ab78d388cdee8e5351038267d4eb3
  nanopb: d4d75c12cd1316f4a64e3c6963f879ecd4b5e0d5
  PromisesObjC: f5707f49cb48b9636751c5b2e7d227e43fba9f47
  PromisesSwift: 9d77319bbe72ebf6d872900551f7eeba9bce2851
  SSZipArchive: fe6a26b2a54d5a0890f2567b5cc6de5caa600aef

PODFILE CHECKSUM: 12ef474926ef3c8d5fd809e095f818d5b24a4c1b

COCOAPODS: 1.15.2
